
Microsoft Visual Studio Solution File, Format Version 12.00
# Visual Studio Version 17
VisualStudioVersion = 17.1.32328.378
MinimumVisualStudioVersion = 10.0.40219.1
Project("{FAE04EC0-301F-11D3-BF4B-00C04F79EFBC}") = "CSharp.LabExercise3", "CSharp.LabExercise3.csproj", "{199A5445-4BA1-4CEA-9E7F-2A9C184E0443}"
EndProject
Global
	GlobalSection(SolutionConfigurationPlatforms) = preSolution
		Debug|Any CPU = Debug|Any CPU
		Release|Any CPU = Release|Any CPU
	EndGlobalSection
	GlobalSection(ProjectConfigurationPlatforms) = postSolution
		{199A5445-4BA1-4CEA-9E7F-2A9C184E0443}.Debug|Any CPU.ActiveCfg = Debug|Any CPU
		{199A5445-4BA1-4CEA-9E7F-2A9C184E0443}.Debug|Any CPU.Build.0 = Debug|Any CPU
		{199A5445-4BA1-4CEA-9E7F-2A9C184E0443}.Release|Any CPU.ActiveCfg = Release|Any CPU
		{199A5445-4BA1-4CEA-9E7F-2A9C184E0443}.Release|Any CPU.Build.0 = Release|Any CPU
	EndGlobalSection
	GlobalSection(SolutionProperties) = preSolution
		HideSolutionNode = FALSE
	EndGlobalSection
	GlobalSection(ExtensibilityGlobals) = postSolution
		SolutionGuid = {A727F4BB-7B56-48C0-A357-E50E8F02E740}
	EndGlobalSection
EndGlobal
